
Microsoft Visual Studio Solution File, Format Version 12.00
# Visual Studio Version 17
VisualStudioVersion = 17.5.002.0
MinimumVisualStudioVersion = 10.0.40219.1
Project("{9A19103F-16F7-4668-BE54-9A1E7A4F7556}") = "SedgemabWeb2025", "SedgemabWeb2025.csproj", "{0779C76A-9F99-4ECB-BC77-B9DA1F14752A}"
EndProject
Global
	GlobalSection(SolutionConfigurationPlatforms) = preSolution
		Debug|Any CPU = Debug|Any CPU
		Release|Any CPU = Release|Any CPU
	EndGlobalSection
	GlobalSection(ProjectConfigurationPlatforms) = postSolution
		{0779C76A-9F99-4ECB-BC77-B9DA1F14752A}.Debug|Any CPU.ActiveCfg = Debug|Any CPU
		{0779C76A-9F99-4ECB-BC77-B9DA1F14752A}.Debug|Any CPU.Build.0 = Debug|Any CPU
		{0779C76A-9F99-4ECB-BC77-B9DA1F14752A}.Release|Any CPU.ActiveCfg = Release|Any CPU
		{0779C76A-9F99-4ECB-BC77-B9DA1F14752A}.Release|Any CPU.Build.0 = Release|Any CPU
	EndGlobalSection
	GlobalSection(SolutionProperties) = preSolution
		HideSolutionNode = FALSE
	EndGlobalSection
	GlobalSection(ExtensibilityGlobals) = postSolution
		SolutionGuid = {644B718F-6D5D-4C4C-B723-E18F864E0FC1}
	EndGlobalSection
EndGlobal
